
Microsoft Visual Studio Solution File, Format Version 12.00
# Visual Studio Version 17
VisualStudioVersion = 17.13.35931.197
MinimumVisualStudioVersion = 10.0.40219.1
Project("{FAE04EC0-301F-11D3-BF4B-00C04F79EFBC}") = "st10152431_MunicipalityService", "st10152431_MunicipalityService\st10152431_MunicipalityService.csproj", "{9215305C-DC60-493D-A5AD-08494283A3CD}"
EndProject
Global
	GlobalSection(SolutionConfigurationPlatforms) = preSolution
		Debug|Any CPU = Debug|Any CPU
		Release|Any CPU = Release|Any CPU
	EndGlobalSection
	GlobalSection(ProjectConfigurationPlatforms) = postSolution
		{9215305C-DC60-493D-A5AD-08494283A3CD}.Debug|Any CPU.ActiveCfg = Debug|Any CPU
		{9215305C-DC60-493D-A5AD-08494283A3CD}.Debug|Any CPU.Build.0 = Debug|Any CPU
		{9215305C-DC60-493D-A5AD-08494283A3CD}.Release|Any CPU.ActiveCfg = Release|Any CPU
		{9215305C-DC60-493D-A5AD-08494283A3CD}.Release|Any CPU.Build.0 = Release|Any CPU
	EndGlobalSection
	GlobalSection(SolutionProperties) = preSolution
		HideSolutionNode = FALSE
	EndGlobalSection
	GlobalSection(ExtensibilityGlobals) = postSolution
		SolutionGuid = {E77E4C1D-37CB-49F9-8242-FFAC9A6CC8D0}
	EndGlobalSection
EndGlobal
